
Microsoft Visual Studio Solution File, Format Version 12.00
# Visual Studio Version 17
VisualStudioVersion = 17.5.33502.453
MinimumVisualStudioVersion = 10.0.40219.1
Project("{FAE04EC0-301F-11D3-BF4B-00C04F79EFBC}") = "PagerClient", "PagerClient\PagerClient.csproj", "{FB7D212E-B3A9-493D-9984-0F84BD01E72C}"
EndProject
Global
	GlobalSection(SolutionConfigurationPlatforms) = preSolution
		Debug|ARM64 = Debug|ARM64
		Debug|x64 = Debug|x64
		Debug|x86 = Debug|x86
		Release|ARM64 = Release|ARM64
		Release|x64 = Release|x64
		Release|x86 = Release|x86
	EndGlobalSection
	GlobalSection(ProjectConfigurationPlatforms) = postSolution
		{FB7D212E-B3A9-493D-9984-0F84BD01E72C}.Debug|ARM64.ActiveCfg = Debug|ARM64
		{FB7D212E-B3A9-493D-9984-0F84BD01E72C}.Debug|ARM64.Build.0 = Debug|ARM64
		{FB7D212E-B3A9-493D-9984-0F84BD01E72C}.Debug|ARM64.Deploy.0 = Debug|ARM64
		{FB7D212E-B3A9-493D-9984-0F84BD01E72C}.Debug|x64.ActiveCfg = Debug|x64
		{FB7D212E-B3A9-493D-9984-0F84BD01E72C}.Debug|x64.Build.0 = Debug|x64
		{FB7D212E-B3A9-493D-9984-0F84BD01E72C}.Debug|x64.Deploy.0 = Debug|x64
		{FB7D212E-B3A9-493D-9984-0F84BD01E72C}.Debug|x86.ActiveCfg = Debug|x86
		{FB7D212E-B3A9-493D-9984-0F84BD01E72C}.Debug|x86.Build.0 = Debug|x86
		{FB7D212E-B3A9-493D-9984-0F84BD01E72C}.Debug|x86.Deploy.0 = Debug|x86
		{FB7D212E-B3A9-493D-9984-0F84BD01E72C}.Release|ARM64.ActiveCfg = Release|ARM64
		{FB7D212E-B3A9-493D-9984-0F84BD01E72C}.Release|ARM64.Build.0 = Release|ARM64
		{FB7D212E-B3A9-493D-9984-0F84BD01E72C}.Release|ARM64.Deploy.0 = Release|ARM64
		{FB7D212E-B3A9-493D-9984-0F84BD01E72C}.Release|x64.ActiveCfg = Release|x64
		{FB7D212E-B3A9-493D-9984-0F84BD01E72C}.Release|x64.Build.0 = Release|x64
		{FB7D212E-B3A9-493D-9984-0F84BD01E72C}.Release|x64.Deploy.0 = Release|x64
		{FB7D212E-B3A9-493D-9984-0F84BD01E72C}.Release|x86.ActiveCfg = Release|x86
		{FB7D212E-B3A9-493D-9984-0F84BD01E72C}.Release|x86.Build.0 = Release|x86
		{FB7D212E-B3A9-493D-9984-0F84BD01E72C}.Release|x86.Deploy.0 = Release|x86
	EndGlobalSection
	GlobalSection(SolutionProperties) = preSolution
		HideSolutionNode = FALSE
	EndGlobalSection
	GlobalSection(ExtensibilityGlobals) = postSolution
		SolutionGuid = {C68B855D-9F94-4742-9705-C8A6503C9EDF}
	EndGlobalSection
EndGlobal
